// !$*UTF8*$!
{
	archiveVersion = 1;
	classes = {
	};
	objectVersion = 46;
	objects = {

/* Begin PBXBuildFile section */
		046B3F091AADE84800278DCD /* BlogPost.m in Sources */ = {isa = PBXBuildFile; fileRef = 046B3F081AADE84800278DCD /* BlogPost.m */; };
		046B3F0D1AAE030200278DCD /* treehouse.png in Resources */ = {isa = PBXBuildFile; fileRef = 046B3F0C1AAE030200278DCD /* treehouse.png */; };
		046B3F421AAE2C8D00278DCD /* WebViewController.m in Sources */ = {isa = PBXBuildFile; fileRef = 046B3F411AAE2C8D00278DCD /* WebViewController.m */; };
		04DE3DB31AAA45AC0050CCCC /* main.m in Sources */ = {isa = PBXBuildFile; fileRef = 04DE3DB21AAA45AC0050CCCC /* main.m */; };
		04DE3DB61AAA45AC0050CCCC /* AppDelegate.m in Sources */ = {isa = PBXBuildFile; fileRef = 04DE3DB51AAA45AC0050CCCC /* AppDelegate.m */; };
		04DE3DBC1AAA45AC0050CCCC /* Main.storyboard in Resources */ = {isa = PBXBuildFile; fileRef = 04DE3DBA1AAA45AC0050CCCC /* Main.storyboard */; };
		04DE3DBE1AAA45AC0050CCCC /* Images.xcassets in Resources */ = {isa = PBXBuildFile; fileRef = 04DE3DBD1AAA45AC0050CCCC /* Images.xcassets */; };
		04DE3DC11AAA45AC0050CCCC /* LaunchScreen.xib in Resources */ = {isa = PBXBuildFile; fileRef = 04DE3DBF1AAA45AC0050CCCC /* LaunchScreen.xib */; };
		04DE3DCD1AAA45AD0050CCCC /* New_Blog_ReaderTests.m in Sources */ = {isa = PBXBuildFile; fileRef = 04DE3DCC1AAA45AD0050CCCC /* New_Blog_ReaderTests.m */; };
		04DE3DD81AAA4BFF0050CCCC /* TableViewController.m in Sources */ = {isa = PBXBuildFile; fileRef = 04DE3DD71AAA4BFF0050CCCC /* TableViewController.m */; };
/* End PBXBuildFile section */

/* Begin PBXContainerItemProxy section */
		04DE3DC71AAA45AD0050CCCC /* PBXContainerItemProxy */ = {
			isa = PBXContainerItemProxy;
			containerPortal = 04DE3DA51AAA45AC0050CCCC /* Project object */;
			proxyType = 1;
			remoteGlobalIDString = 04DE3DAC1AAA45AC0050CCCC;
			remoteInfo = "New Blog Reader";
		};
/* End PBXContainerItemProxy section */

/* Begin PBXFileReference section */
		046B3F071AADE84800278DCD /* BlogPost.h */ = {isa = PBXFileReference; fileEncoding = 4; lastKnownFileType = sourcecode.c.h; path = BlogPost.h; sourceTree = "<group>"; };
		046B3F081AADE84800278DCD /* BlogPost.m */ = {isa = PBXFileReference; fileEncoding = 4; lastKnownFileType = sourcecode.c.objc; path = BlogPost.m; sourceTree = "<group>"; };
		046B3F0C1AAE030200278DCD /* treehouse.png */ = {isa = PBXFileReference; lastKnownFileType = image.png; name = treehouse.png; path = ../../../../../Downloads/BlogReader/BlogReader/treehouse.png; sourceTree = "<group>"; };
		046B3F401AAE2C8D00278DCD /* WebViewController.h */ = {isa = PBXFileReference; fileEncoding = 4; lastKnownFileType = sourcecode.c.h; path = WebViewController.h; sourceTree = "<group>"; };
		046B3F411AAE2C8D00278DCD /* WebViewController.m */ = {isa = PBXFileReference; fileEncoding = 4; lastKnownFileType = sourcecode.c.objc; path = WebViewController.m; sourceTree = "<group>"; };
		04DE3DAD1AAA45AC0050CCCC /* New Blog Reader.app */ = {isa = PBXFileReference; explicitFileType = wrapper.application; includeInIndex = 0; path = "New Blog Reader.app"; sourceTree = BUILT_PRODUCTS_DIR; };
		04DE3DB11AAA45AC0050CCCC /* Info.plist */ = {isa = PBXFileReference; lastKnownFileType = text.plist.xml; path = Info.plist; sourceTree = "<group>"; };
		04DE3DB21AAA45AC0050CCCC /* main.m */ = {isa = PBXFileReference; lastKnownFileType = sourcecode.c.objc; path = main.m; sourceTree = "<group>"; };
		04DE3DB41AAA45AC0050CCCC /* AppDelegate.h */ = {isa = PBXFileReference; lastKnownFileType = sourcecode.c.h; path = AppDelegate.h; sourceTree = "<group>"; };
		04DE3DB51AAA45AC0050CCCC /* AppDelegate.m */ = {isa = PBXFileReference; lastKnownFileType = sourcecode.c.objc; path = AppDelegate.m; sourceTree = "<group>"; };
		04DE3DBB1AAA45AC0050CCCC /* Base */ = {isa = PBXFileReference; lastKnownFileType = file.storyboard; name = Base; path = Base.lproj/Main.storyboard; sourceTree = "<group>"; };
		04DE3DBD1AAA45AC0050CCCC /* Images.xcassets */ = {isa = PBXFileReference; lastKnownFileType = folder.assetcatalog; path = Images.xcassets; sourceTree = "<group>"; };
		04DE3DC01AAA45AC0050CCCC /* Base */ = {isa = PBXFileReference; lastKnownFileType = file.xib; name = Base; path = Base.lproj/LaunchScreen.xib; sourceTree = "<group>"; };
		04DE3DC61AAA45AD0050CCCC /* New Blog ReaderTests.xctest */ = {isa = PBXFileReference; explicitFileType = wrapper.cfbundle; includeInIndex = 0; path = "New Blog ReaderTests.xctest"; sourceTree = BUILT_PRODUCTS_DIR; };
		04DE3DCB1AAA45AD0050CCCC /* Info.plist */ = {isa = PBXFileReference; lastKnownFileType = text.plist.xml; path = Info.plist; sourceTree = "<group>"; };
		04DE3DCC1AAA45AD0050CCCC /* New_Blog_ReaderTests.m */ = {isa = PBXFileReference; lastKnownFileType = sourcecode.c.objc; path = New_Blog_ReaderTests.m; sourceTree = "<group>"; };
		04DE3DD61AAA4BFF0050CCCC /* TableViewController.h */ = {isa = PBXFileReference; fileEncoding = 4; lastKnownFileType = sourcecode.c.h; path = TableViewController.h; sourceTree = "<group>"; };
		04DE3DD71AAA4BFF0050CCCC /* TableViewController.m */ = {isa = PBXFileReference; fileEncoding = 4; lastKnownFileType = sourcecode.c.objc; path = TableViewController.m; sourceTree = "<group>"; };
/* End PBXFileReference section */

/* Begin PBXFrameworksBuildPhase section */
		04DE3DAA1AAA45AC0050CCCC /* Frameworks */ = {
			isa = PBXFrameworksBuildPhase;
			buildActionMask = 2147483647;
			files = (
			);
			runOnlyForDeploymentPostprocessing = 0;
		};
		04DE3DC31AAA45AD0050CCCC /* Frameworks */ = {
			isa = PBXFrameworksBuildPhase;
			buildActionMask = 2147483647;
			files = (
			);
			runOnlyForDeploymentPostprocessing = 0;
		};
/* End PBXFrameworksBuildPhase section */

/* Begin PBXGroup section */
		04DE3DA41AAA45AC0050CCCC = {
			isa = PBXGroup;
			children = (
				04DE3DAF1AAA45AC0050CCCC /* New Blog Reader */,
				04DE3DC91AAA45AD0050CCCC /* New Blog ReaderTests */,
				04DE3DAE1AAA45AC0050CCCC /* Products */,
			);
			sourceTree = "<group>";
		};
		04DE3DAE1AAA45AC0050CCCC /* Products */ = {
			isa = PBXGroup;
			children = (
				04DE3DAD1AAA45AC0050CCCC /* New Blog Reader.app */,
				04DE3DC61AAA45AD0050CCCC /* New Blog ReaderTests.xctest */,
			);
			name = Products;
			sourceTree = "<group>";
		};
		04DE3DAF1AAA45AC0050CCCC /* New Blog Reader */ = {
			isa = PBXGroup;
			children = (
				04DE3DB41AAA45AC0050CCCC /* AppDelegate.h */,
				04DE3DB51AAA45AC0050CCCC /* AppDelegate.m */,
				04DE3DD61AAA4BFF0050CCCC /* TableViewController.h */,
				04DE3DD71AAA4BFF0050CCCC /* TableViewController.m */,
				04DE3DBA1AAA45AC0050CCCC /* Main.storyboard */,
				04DE3DBD1AAA45AC0050CCCC /* Images.xcassets */,
				04DE3DBF1AAA45AC0050CCCC /* LaunchScreen.xib */,
				04DE3DB01AAA45AC0050CCCC /* Supporting Files */,
				046B3F071AADE84800278DCD /* BlogPost.h */,
				046B3F081AADE84800278DCD /* BlogPost.m */,
				046B3F401AAE2C8D00278DCD /* WebViewController.h */,
				046B3F411AAE2C8D00278DCD /* WebViewController.m */,
			);
			path = "New Blog Reader";
			sourceTree = "<group>";
		};
		04DE3DB01AAA45AC0050CCCC /* Supporting Files */ = {
			isa = PBXGroup;
			children = (
				046B3F0C1AAE030200278DCD /* treehouse.png */,
				04DE3DB11AAA45AC0050CCCC /* Info.plist */,
				04DE3DB21AAA45AC0050CCCC /* main.m */,
			);
			name = "Supporting Files";
			sourceTree = "<group>";
		};
		04DE3DC91AAA45AD0050CCCC /* New Blog ReaderTests */ = {
			isa = PBXGroup;
			children = (
				04DE3DCC1AAA45AD0050CCCC /* New_Blog_ReaderTests.m */,
				04DE3DCA1AAA45AD0050CCCC /* Supporting Files */,
			);
			path = "New Blog ReaderTests";
			sourceTree = "<group>";
		};
		04DE3DCA1AAA45AD0050CCCC /* Supporting Files */ = {
			isa = PBXGroup;
			children = (
				04DE3DCB1AAA45AD0050CCCC /* Info.plist */,
			);
			name = "Supporting Files";
			sourceTree = "<group>";
		};
/* End PBXGroup section */

/* Begin PBXNativeTarget section */
		04DE3DAC1AAA45AC0050CCCC /* New Blog Reader */ = {
			isa = PBXNativeTarget;
			buildConfigurationList = 04DE3DD01AAA45AD0050CCCC /* Build configuration list for PBXNativeTarget "New Blog Reader" */;
			buildPhases = (
				04DE3DA91AAA45AC0050CCCC /* Sources */,
				04DE3DAA1AAA45AC0050CCCC /* Frameworks */,
				04DE3DAB1AAA45AC0050CCCC /* Resources */,
			);
			buildRules = (
			);
			dependencies = (
			);
			name = "New Blog Reader";
			productName = "New Blog Reader";
			productReference = 04DE3DAD1AAA45AC0050CCCC /* New Blog Reader.app */;
			productType = "com.apple.product-type.application";
		};
		04DE3DC51AAA45AD0050CCCC /* New Blog ReaderTests */ = {
			isa = PBXNativeTarget;
			buildConfigurationList = 04DE3DD31AAA45AD0050CCCC /* Build configuration list for PBXNativeTarget "New Blog ReaderTests" */;
			buildPhases = (
				04DE3DC21AAA45AD0050CCCC /* Sources */,
				04DE3DC31AAA45AD0050CCCC /* Frameworks */,
				04DE3DC41AAA45AD0050CCCC /* Resources */,
			);
			buildRules = (
			);
			dependencies = (
				04DE3DC81AAA45AD0050CCCC /* PBXTargetDependency */,
			);
			name = "New Blog ReaderTests";
			productName = "New Blog ReaderTests";
			productReference = 04DE3DC61AAA45AD0050CCCC /* New Blog ReaderTests.xctest */;
			productType = "com.apple.product-type.bundle.unit-test";
		};
/* End PBXNativeTarget section */

/* Begin PBXProject section */
		04DE3DA51AAA45AC0050CCCC /* Project object */ = {
			isa = PBXProject;
			attributes = {
				LastUpgradeCheck = 0610;
				ORGANIZATIONNAME = "Anthony Kiniyalocts";
				TargetAttributes = {
					04DE3DAC1AAA45AC0050CCCC = {
						CreatedOnToolsVersion = 6.1.1;
						DevelopmentTeam = 987T9CE4EJ;
					};
					04DE3DC51AAA45AD0050CCCC = {
						CreatedOnToolsVersion = 6.1.1;
						TestTargetID = 04DE3DAC1AAA45AC0050CCCC;
					};
				};
			};
			buildConfigurationList = 04DE3DA81AAA45AC0050CCCC /* Build configuration list for PBXProject "New Blog Reader" */;
			compatibilityVersion = "Xcode 3.2";
			developmentRegion = English;
			hasScannedForEncodings = 0;
			knownRegions = (
				en,
				Base,
			);
			mainGroup = 04DE3DA41AAA45AC0050CCCC;
			productRefGroup = 04DE3DAE1AAA45AC0050CCCC /* Products */;
			projectDirPath = "";
			projectRoot = "";
			targets = (
				04DE3DAC1AAA45AC0050CCCC /* New Blog Reader */,
				04DE3DC51AAA45AD0050CCCC /* New Blog ReaderTests */,
			);
		};
/* End PBXProject section */

/* Begin PBXResourcesBuildPhase section */
		04DE3DAB1AAA45AC0050CCCC /* Resources */ = {
			isa = PBXResourcesBuildPhase;
			buildActionMask = 2147483647;
			files = (
				046B3F0D1AAE030200278DCD /* treehouse.png in Resources */,
				04DE3DBC1AAA45AC0050CCCC /* Main.storyboard in Resources */,
				04DE3DC11AAA45AC0050CCCC /* LaunchScreen.xib in Resources */,
				04DE3DBE1AAA45AC0050CCCC /* Images.xcassets in Resources */,
			);
			runOnlyForDeploymentPostprocessing = 0;
		};
		04DE3DC41AAA45AD0050CCCC /* Resources */ = {
			isa = PBXResourcesBuildPhase;
			buildActionMask = 2147483647;
			files = (
			);
			runOnlyForDeploymentPostprocessing = 0;
		};
/* End PBXResourcesBuildPhase section */

/* Begin PBXSourcesBuildPhase section */
		04DE3DA91AAA45AC0050CCCC /* Sources */ = {
			isa = PBXSourcesBuildPhase;
			buildActionMask = 2147483647;
			files = (
				04DE3DB61AAA45AC0050CCCC /* AppDelegate.m in Sources */,
				046B3F421AAE2C8D00278DCD /* WebViewController.m in Sources */,
				04DE3DD81AAA4BFF0050CCCC /* TableViewController.m in Sources */,
				04DE3DB31AAA45AC0050CCCC /* main.m in Sources */,
				046B3F091AADE84800278DCD /* BlogPost.m in Sources */,
			);
			runOnlyForDeploymentPostprocessing = 0;
		};
		04DE3DC21AAA45AD0050CCCC /* Sources */ = {
			isa = PBXSourcesBuildPhase;
			buildActionMask = 2147483647;
			files = (
				04DE3DCD1AAA45AD0050CCCC /* New_Blog_ReaderTests.m in Sources */,
			);
			runOnlyForDeploymentPostprocessing = 0;
		};
/* End PBXSourcesBuildPhase section */

/* Begin PBXTargetDependency section */
		04DE3DC81AAA45AD0050CCCC /* PBXTargetDependency */ = {
			isa = PBXTargetDependency;
			target = 04DE3DAC1AAA45AC0050CCCC /* New Blog Reader */;
			targetProxy = 04DE3DC71AAA45AD0050CCCC /* PBXContainerItemProxy */;
		};
/* End PBXTargetDependency section */

/* Begin PBXVariantGroup section */
		04DE3DBA1AAA45AC0050CCCC /* Main.storyboard */ = {
			isa = PBXVariantGroup;
			children = (
				04DE3DBB1AAA45AC0050CCCC /* Base */,
			);
			name = Main.storyboard;
			sourceTree = "<group>";
		};
		04DE3DBF1AAA45AC0050CCCC /* LaunchScreen.xib */ = {
			isa = PBXVariantGroup;
			children = (
				04DE3DC01AAA45AC0050CCCC /* Base */,
			);
			name = LaunchScreen.xib;
			sourceTree = "<group>";
		};
/* End PBXVariantGroup section */

/* Begin XCBuildConfiguration section */
		04DE3DCE1AAA45AD0050CCCC /* Debug */ = {
			isa = XCBuildConfiguration;
			buildSettings = {
				ALWAYS_SEARCH_USER_PATHS = NO;
				CLANG_CXX_LANGUAGE_STANDARD = "gnu++0x";
				CLANG_CXX_LIBRARY = "libc++";
				CLANG_ENABLE_MODULES = YES;
				CLANG_ENABLE_OBJC_ARC = YES;
				CLANG_WARN_BOOL_CONVERSION = YES;
				CLANG_WARN_CONSTANT_CONVERSION = YES;
				CLANG_WARN_DIRECT_OBJC_ISA_USAGE = YES_ERROR;
				CLANG_WARN_EMPTY_BODY = YES;
				CLANG_WARN_ENUM_CONVERSION = YES;
				CLANG_WARN_INT_CONVERSION = YES;
				CLANG_WARN_OBJC_ROOT_CLASS = YES_ERROR;
				CLANG_WARN_UNREACHABLE_CODE = YES;
				CLANG_WARN__DUPLICATE_METHOD_MATCH = YES;
				"CODE_SIGN_IDENTITY[sdk=iphoneos*]" = "iPhone Developer";
				COPY_PHASE_STRIP = NO;
				ENABLE_STRICT_OBJC_MSGSEND = YES;
				GCC_C_LANGUAGE_STANDARD = gnu99;
				GCC_DYNAMIC_NO_PIC = NO;
				GCC_OPTIMIZATION_LEVEL = 0;
				GCC_PREPROCESSOR_DEFINITIONS = (
					"DEBUG=1",
					"$(inherited)",
				);
				GCC_SYMBOLS_PRIVATE_EXTERN = NO;
				GCC_WARN_64_TO_32_BIT_CONVERSION = YES;
				GCC_WARN_ABOUT_RETURN_TYPE = YES_ERROR;
				GCC_WARN_UNDECLARED_SELECTOR = YES;
				GCC_WARN_UNINITIALIZED_AUTOS = YES_AGGRESSIVE;
				GCC_WARN_UNUSED_FUNCTION = YES;
				GCC_WARN_UNUSED_VARIABLE = YES;
				IPHONEOS_DEPLOYMENT_TARGET = 8.1;
				MTL_ENABLE_DEBUG_INFO = YES;
				ONLY_ACTIVE_ARCH = YES;
				SDKROOT = iphoneos;
				TARGETED_DEVICE_FAMILY = "1,2";
			};
			name = Debug;
		};
		04DE3DCF1AAA45AD0050CCCC /* Release */ = {
			isa = XCBuildConfiguration;
			buildSettings = {
				ALWAYS_SEARCH_USER_PATHS = NO;
				CLANG_CXX_LANGUAGE_STANDARD = "gnu++0x";
				CLANG_CXX_LIBRARY = "libc++";
				CLANG_ENABLE_MODULES = YES;
				CLANG_ENABLE_OBJC_ARC = YES;
				CLANG_WARN_BOOL_CONVERSION = YES;
				CLANG_WARN_CONSTANT_CONVERSION = YES;
				CLANG_WARN_DIRECT_OBJC_ISA_USAGE = YES_ERROR;
				CLANG_WARN_EMPTY_BODY = YES;
				CLANG_WARN_ENUM_CONVERSION = YES;
				CLANG_WARN_INT_CONVERSION = YES;
				CLANG_WARN_OBJC_ROOT_CLASS = YES_ERROR;
				CLANG_WARN_UNREACHABLE_CODE = YES;
				CLANG_WARN__DUPLICATE_METHOD_MATCH = YES;
				"CODE_SIGN_IDENTITY[sdk=iphoneos*]" = "iPhone Developer";
				COPY_PHASE_STRIP = YES;
				ENABLE_NS_ASSERTIONS = NO;
				ENABLE_STRICT_OBJC_MSGSEND = YES;
				GCC_C_LANGUAGE_STANDARD = gnu99;
				GCC_WARN_64_TO_32_BIT_CONVERSION = YES;
				GCC_WARN_ABOUT_RETURN_TYPE = YES_ERROR;
				GCC_WARN_UNDECLARED_SELECTOR = YES;
				GCC_WARN_UNINITIALIZED_AUTOS = YES_AGGRESSIVE;
				GCC_WARN_UNUSED_FUNCTION = YES;
				GCC_WARN_UNUSED_VARIABLE = YES;
				IPHONEOS_DEPLOYMENT_TARGET = 8.1;
				MTL_ENABLE_DEBUG_INFO = NO;
				SDKROOT = iphoneos;
				TARGETED_DEVICE_FAMILY = "1,2";
				VALIDATE_PRODUCT = YES;
			};
			name = Release;
		};
		04DE3DD11AAA45AD0050CCCC /* Debug */ = {
			isa = XCBuildConfiguration;
			buildSettings = {
				ASSETCATALOG_COMPILER_APPICON_NAME = AppIcon;
				CODE_SIGN_IDENTITY = "iPhone Distribution: Great American Insurance (ENT)";
				"CODE_SIGN_IDENTITY[sdk=iphoneos*]" = "iPhone Distribution: Great American Insurance (ENT)";
				INFOPLIST_FILE = "New Blog Reader/Info.plist";
				LD_RUNPATH_SEARCH_PATHS = "$(inherited) @executable_path/Frameworks";
				PRODUCT_NAME = "$(TARGET_NAME)";
				PROVISIONING_PROFILE = "B85B3FA4-8720-4CA2-8B90-0C58BA5C983D";
			};
			name = Debug;
		};
		04DE3DD21AAA45AD0050CCCC /* Release */ = {
			isa = XCBuildConfiguration;
			buildSettings = {
				ASSETCATALOG_COMPILER_APPICON_NAME = AppIcon;
				CODE_SIGN_IDENTITY = "iPhone Developer";
				"CODE_SIGN_IDENTITY[sdk=iphoneos*]" = "iPhone Distribution: Great American Insurance (ENT)";
				INFOPLIST_FILE = "New Blog Reader/Info.plist";
				LD_RUNPATH_SEARCH_PATHS = "$(inherited) @executable_path/Frameworks";
				PRODUCT_NAME = "$(TARGET_NAME)";
				PROVISIONING_PROFILE = "B85B3FA4-8720-4CA2-8B90-0C58BA5C983D";
			};
			name = Release;
		};
		04DE3DD41AAA45AD0050CCCC /* Debug */ = {
			isa = XCBuildConfiguration;
			buildSettings = {
				BUNDLE_LOADER = "$(TEST_HOST)";
				FRAMEWORK_SEARCH_PATHS = (
					"$(SDKROOT)/Developer/Library/Frameworks",
					"$(inherited)",
				);
				GCC_PREPROCESSOR_DEFINITIONS = (
					"DEBUG=1",
					"$(inherited)",
				);
				INFOPLIST_FILE = "New Blog ReaderTests/Info.plist";
				LD_RUNPATH_SEARCH_PATHS = "$(inherited) @executable_path/Frameworks @loader_path/Frameworks";
				PRODUCT_NAME = "$(TARGET_NAME)";
				TEST_HOST = "$(BUILT_PRODUCTS_DIR)/New Blog Reader.app/New Blog Reader";
			};
			name = Debug;
		};
		04DE3DD51AAA45AD0050CCCC /* Release */ = {
			isa = XCBuildConfiguration;
			buildSettings = {
				BUNDLE_LOADER = "$(TEST_HOST)";
				FRAMEWORK_SEARCH_PATHS = (
					"$(SDKROOT)/Developer/Library/Frameworks",
					"$(inherited)",
				);
				INFOPLIST_FILE = "New Blog ReaderTests/Info.plist";
				LD_RUNPATH_SEARCH_PATHS = "$(inherited) @executable_path/Frameworks @loader_path/Frameworks";
				PRODUCT_NAME = "$(TARGET_NAME)";
				TEST_HOST = "$(BUILT_PRODUCTS_DIR)/New Blog Reader.app/New Blog Reader";
			};
			name = Release;
		};
/* End XCBuildConfiguration section */

/* Begin XCConfigurationList section */
		04DE3DA81AAA45AC0050CCCC /* Build configuration list for PBXProject "New Blog Reader" */ = {
			isa = XCConfigurationList;
			buildConfigurations = (
				04DE3DCE1AAA45AD0050CCCC /* Debug */,
				04DE3DCF1AAA45AD0050CCCC /* Release */,
			);
			defaultConfigurationIsVisible = 0;
			defaultConfigurationName = Release;
		};
		04DE3DD01AAA45AD0050CCCC /* Build configuration list for PBXNativeTarget "New Blog Reader" */ = {
			isa = XCConfigurationList;
			buildConfigurations = (
				04DE3DD11AAA45AD0050CCCC /* Debug */,
				04DE3DD21AAA45AD0050CCCC /* Release */,
			);
			defaultConfigurationIsVisible = 0;
			defaultConfigurationName = Release;
		};
		04DE3DD31AAA45AD0050CCCC /* Build configuration list for PBXNativeTarget "New Blog ReaderTests" */ = {
			isa = XCConfigurationList;
			buildConfigurations = (
				04DE3DD41AAA45AD0050CCCC /* Debug */,
				04DE3DD51AAA45AD0050CCCC /* Release */,
			);
			defaultConfigurationIsVisible = 0;
			defaultConfigurationName = Release;
		};
/* End XCConfigurationList section */
	};
	rootObject = 04DE3DA51AAA45AC0050CCCC /* Project object */;
}
